{"version":4,"terraform_version":"1.9.0","serial":32,"lineage":"448a2087-cf0b-6d97-7899-9f2770e159b0","outputs":{},"resources":[{"mode":"data","type":"sops_file","name":"proxmox","provider":"provider[\"registry.opentofu.org/carlpett/sops\"]","instances":[{"schema_version":0,"attributes":{"data":{"proxmox_endpoint":"https://pve1.kidibox.net:8006","proxmox_hostname":"pve1.kidibox.net","proxmox_insecure":"true","proxmox_password":"gnzEVz","proxmox_username":"root@pam"},"id":"-","input_type":"yaml","raw":"proxmox_hostname: pve1.kidibox.net\nproxmox_endpoint: https://pve1.kidibox.net:8006\nproxmox_username: root@pam\nproxmox_password: gnzEVz\nproxmox_insecure: true\n","source_file":"./../../../secrets/proxmox.sops.yaml"},"sensitive_attributes":[]}]},{"mode":"data","type":"sops_file","name":"routeros","provider":"provider[\"registry.opentofu.org/carlpett/sops\"]","instances":[{"schema_version":0,"attributes":{"data":{"routeros_endpoint":"https://10.99.0.1","routeros_insecure":"true","routeros_password":"gnzEVz","routeros_username":"admin"},"id":"-","input_type":"yaml","raw":"routeros_endpoint: https://10.99.0.1\nrouteros_username: admin\nrouteros_password: gnzEVz\nrouteros_insecure: true\n","source_file":"./../../../secrets/routeros.sops.yaml"},"sensitive_attributes":[]}]},{"mode":"managed","type":"macaddress","name":"router","provider":"provider[\"registry.opentofu.org/ivoronin/macaddress\"]","instances":[{"schema_version":0,"attributes":{"address":"aa:eb:e7:3c:4a:47","id":"aa:eb:e7:3c:4a:47","prefix":null},"sensitive_attributes":[],"private":"bnVsbA=="}]},{"mode":"managed","type":"macaddress","name":"switch","provider":"provider[\"registry.opentofu.org/ivoronin/macaddress\"]","instances":[{"schema_version":0,"attributes":{"address":"1a:70:e5:17:84:a9","id":"1a:70:e5:17:84:a9","prefix":null},"sensitive_attributes":[],"private":"bnVsbA=="}]},{"mode":"managed","type":"proxmox_virtual_environment_download_file","name":"chr","provider":"provider[\"registry.opentofu.org/bpg/proxmox\"]","instances":[{"schema_version":0,"attributes":{"checksum":null,"checksum_algorithm":null,"content_type":"iso","datastore_id":"local","decompression_algorithm":"gz","file_name":"chr-7.16.img","id":"local:iso/chr-7.16.img","node_name":"pve1","overwrite":false,"overwrite_unmanaged":false,"size":134217728,"upload_timeout":600,"url":"https://download.mikrotik.com/routeros/7.20rc1/chr-7.20rc1.img.zip","verify":true},"sensitive_attributes":[],"dependencies":["data.sops_file.proxmox"]}]},{"mode":"managed","type":"proxmox_virtual_environment_download_file","name":"debian_cloud_image","provider":"provider[\"registry.opentofu.org/bpg/proxmox\"]","instances":[{"schema_version":0,"attributes":{"checksum":null,"checksum_algorithm":null,"content_type":"iso","datastore_id":"local","decompression_algorithm":null,"file_name":"debian-13-nocloud-amd64-daily.img","id":"local:iso/debian-13-nocloud-amd64-daily.img","node_name":"pve1","overwrite":true,"overwrite_unmanaged":false,"size":3221225472,"upload_timeout":600,"url":"https://cloud.debian.org/images/cloud/trixie/daily/latest/debian-13-genericcloud-amd64-daily.raw","verify":true},"sensitive_attributes":[],"dependencies":["data.sops_file.proxmox"]}]},{"mode":"managed","type":"proxmox_virtual_environment_network_linux_bridge","name":"port1","provider":"provider[\"registry.opentofu.org/bpg/proxmox\"]","instances":[{"schema_version":0,"attributes":{"address":null,"address6":null,"autostart":true,"comment":null,"gateway":null,"gateway6":null,"id":"pve1:vmbr1001","mtu":null,"name":"vmbr1001","node_name":"pve1","ports":null,"vlan_aware":false},"sensitive_attributes":[],"dependencies":["data.sops_file.proxmox"]}]},{"mode":"managed","type":"proxmox_virtual_environment_network_linux_bridge","name":"port2","provider":"provider[\"registry.opentofu.org/bpg/proxmox\"]","instances":[{"schema_version":0,"attributes":{"address":null,"address6":null,"autostart":true,"comment":null,"gateway":null,"gateway6":null,"id":"pve1:vmbr1002","mtu":null,"name":"vmbr1002","node_name":"pve1","ports":null,"vlan_aware":false},"sensitive_attributes":[],"dependencies":["data.sops_file.proxmox"]}]},{"mode":"managed","type":"proxmox_virtual_environment_vm","name":"router","provider":"provider[\"registry.opentofu.org/bpg/proxmox\"]","instances":[{"schema_version":0,"attributes":{"acpi":true,"agent":[{"enabled":true,"timeout":"15m","trim":false,"type":"virtio"}],"amd_sev":[],"audio_device":[],"bios":"seabios","boot_order":null,"cdrom":[],"clone":[],"cpu":[],"description":"","disk":[{"aio":"io_uring","backup":true,"cache":"none","datastore_id":"local-zfs","discard":"on","file_format":"raw","file_id":"local:iso/chr-7.16.img","interface":"scsi0","iothread":true,"path_in_datastore":"vm-1991-disk-0","replicate":true,"serial":"","size":10,"speed":[],"ssd":true}],"efi_disk":[],"hook_script_file_id":null,"hostpci":[],"id":"1991","initialization":[],"ipv4_addresses":[["10.0.10.191"],[],[],[]],"ipv6_addresses":[[],[],[],[]],"keyboard_layout":"en-us","kvm_arguments":"","mac_addresses":["AA:EB:E7:3C:4A:47","BC:24:11:DD:D3:74","BC:24:11:F4:04:7C","BC:24:11:17:1C:D3"],"machine":"","memory":[],"migrate":false,"name":"lab-router","network_device":[{"bridge":"vmbr0","disconnected":false,"enabled":true,"firewall":false,"mac_address":"AA:EB:E7:3C:4A:47","model":"virtio","mtu":0,"queues":0,"rate_limit":0,"trunks":"","vlan_id":10},{"bridge":"vmbr0","disconnected":false,"enabled":true,"firewall":false,"mac_address":"BC:24:11:DD:D3:74","model":"virtio","mtu":0,"queues":0,"rate_limit":0,"trunks":"","vlan_id":1991},{"bridge":"vmbr1001","disconnected":false,"enabled":true,"firewall":false,"mac_address":"BC:24:11:F4:04:7C","model":"virtio","mtu":0,"queues":0,"rate_limit":0,"trunks":"","vlan_id":0},{"bridge":"vmbr0","disconnected":false,"enabled":true,"firewall":false,"mac_address":"BC:24:11:17:1C:D3","model":"virtio","mtu":0,"queues":0,"rate_limit":0,"trunks":"","vlan_id":2995}],"network_interface_names":["ether1","ether2","ether3","ether4"],"node_name":"pve1","numa":[],"on_boot":true,"operating_system":[],"pool_id":null,"protection":false,"reboot":false,"reboot_after_update":true,"rng":[],"scsi_hardware":"virtio-scsi-single","serial_device":[],"smbios":[],"started":true,"startup":[],"stop_on_destroy":true,"tablet_device":true,"tags":["routeros","terraform"],"template":false,"timeout_clone":1800,"timeout_create":1800,"timeout_migrate":1800,"timeout_move_disk":1800,"timeout_reboot":1800,"timeout_shutdown_vm":1800,"timeout_start_vm":1800,"timeout_stop_vm":300,"tpm_state":[],"usb":[],"vga":[],"virtiofs":[],"vm_id":1991,"watchdog":[]},"sensitive_attributes":[],"private":"bnVsbA==","dependencies":["data.sops_file.proxmox","data.sops_file.routeros","macaddress.router","proxmox_virtual_environment_download_file.chr","proxmox_virtual_environment_network_linux_bridge.port1","routeros_ip_dhcp_server_lease.router"]}]},{"mode":"managed","type":"proxmox_virtual_environment_vm","name":"switch","provider":"provider[\"registry.opentofu.org/bpg/proxmox\"]","instances":[{"schema_version":0,"attributes":{"acpi":true,"agent":[{"enabled":true,"timeout":"15m","trim":false,"type":"virtio"}],"amd_sev":[],"audio_device":[],"bios":"seabios","boot_order":null,"cdrom":[],"clone":[],"cpu":[],"description":"","disk":[{"aio":"io_uring","backup":true,"cache":"none","datastore_id":"local-zfs","discard":"on","file_format":"raw","file_id":"local:iso/chr-7.16.img","interface":"scsi0","iothread":true,"path_in_datastore":"vm-1992-disk-0","replicate":true,"serial":"","size":10,"speed":[],"ssd":true}],"efi_disk":[],"hook_script_file_id":null,"hostpci":[],"id":"1992","initialization":[],"ipv4_addresses":[["10.0.10.192"],[],[]],"ipv6_addresses":[[],[],[]],"keyboard_layout":"en-us","kvm_arguments":"","mac_addresses":["1A:70:E5:17:84:A9","BC:24:11:B9:29:93","BC:24:11:CA:96:E2"],"machine":"","memory":[],"migrate":false,"name":"lab-switch","network_device":[{"bridge":"vmbr0","disconnected":false,"enabled":true,"firewall":false,"mac_address":"1A:70:E5:17:84:A9","model":"virtio","mtu":0,"queues":0,"rate_limit":0,"trunks":"","vlan_id":10},{"bridge":"vmbr0","disconnected":false,"enabled":true,"firewall":false,"mac_address":"BC:24:11:B9:29:93","model":"virtio","mtu":0,"queues":0,"rate_limit":0,"trunks":"","vlan_id":1992},{"bridge":"vmbr1001","disconnected":false,"enabled":true,"firewall":false,"mac_address":"BC:24:11:CA:96:E2","model":"virtio","mtu":0,"queues":0,"rate_limit":0,"trunks":"","vlan_id":0}],"network_interface_names":["ether1","ether2","ether3"],"node_name":"pve1","numa":[],"on_boot":true,"operating_system":[],"pool_id":null,"protection":false,"reboot":false,"reboot_after_update":true,"rng":[],"scsi_hardware":"virtio-scsi-single","serial_device":[],"smbios":[],"started":true,"startup":[],"stop_on_destroy":true,"tablet_device":true,"tags":["routeros","terraform"],"template":false,"timeout_clone":1800,"timeout_create":1800,"timeout_migrate":1800,"timeout_move_disk":1800,"timeout_reboot":1800,"timeout_shutdown_vm":1800,"timeout_start_vm":1800,"timeout_stop_vm":300,"tpm_state":[],"usb":[],"vga":[],"virtiofs":[],"vm_id":1992,"watchdog":[]},"sensitive_attributes":[],"private":"bnVsbA==","dependencies":["data.sops_file.proxmox","data.sops_file.routeros","macaddress.switch","proxmox_virtual_environment_download_file.chr","proxmox_virtual_environment_network_linux_bridge.port1","routeros_ip_dhcp_server_lease.switch"]}]},{"mode":"managed","type":"routeros_ip_dhcp_server_lease","name":"router","provider":"provider[\"registry.opentofu.org/terraform-routeros/routeros\"]","instances":[{"schema_version":0,"attributes":{"___id___":null,"___path___":null,"active_address":null,"active_client_id":null,"active_hostname":null,"active_mac_address":null,"active_server":null,"address":"10.0.10.191","address_lists":"","agent_circuit_id":null,"agent_remote_id":null,"allow_dual_stack_queue":null,"always_broadcast":null,"block_access":false,"blocked":false,"class_id":null,"client_id":null,"comment":null,"dhcp_option":"","dhcp_option_set":null,"disabled":false,"dynamic":false,"expires_after":null,"host_name":null,"id":"*217E9","insert_queue_before":null,"last_seen":"never","lease_time":null,"mac_address":"AA:EB:E7:3C:4A:47","radius":"false","rate_limit":null,"server":null,"src_mac_address":null,"status":"waiting","use_src_mac":null},"sensitive_attributes":[],"private":"bnVsbA==","dependencies":["data.sops_file.routeros","macaddress.router"]}]},{"mode":"managed","type":"routeros_ip_dhcp_server_lease","name":"switch","provider":"provider[\"registry.opentofu.org/terraform-routeros/routeros\"]","instances":[{"schema_version":0,"attributes":{"___id___":null,"___path___":null,"active_address":null,"active_client_id":null,"active_hostname":null,"active_mac_address":null,"active_server":null,"address":"10.0.10.192","address_lists":"","agent_circuit_id":null,"agent_remote_id":null,"allow_dual_stack_queue":null,"always_broadcast":null,"block_access":false,"blocked":false,"class_id":null,"client_id":null,"comment":null,"dhcp_option":"","dhcp_option_set":null,"disabled":false,"dynamic":false,"expires_after":null,"host_name":null,"id":"*217E8","insert_queue_before":null,"last_seen":"never","lease_time":null,"mac_address":"1A:70:E5:17:84:A9","radius":"false","rate_limit":null,"server":null,"src_mac_address":null,"status":"waiting","use_src_mac":null},"sensitive_attributes":[],"private":"bnVsbA==","dependencies":["data.sops_file.routeros","macaddress.switch"]}]}],"check_results":null}
